PODS:
  - Realm (10.43.1):
    - Realm/Headers (= 10.43.1)
  - Realm/Headers (10.43.1)
  - RealmSwift (10.43.1):
    - Realm (= 10.43.1)
  - RxNormKit (0.1.0):
    - RealmSwift (>= 10.11.0)
  - SwiftLint (0.45.0)

DEPENDENCIES:
  - RealmSwift (~> 10.43)
  - RxNormKit (from `../`)
  - SwiftLint

SPEC REPOS:
  trunk:
    - Realm
    - RealmSwift
    - SwiftLint

EXTERNAL SOURCES:
  RxNormKit:
    :path: "../"

SPEC CHECKSUMS:
  Realm: d97b438de77459e443bd2c8ad5ca0f95107aee4b
  RealmSwift: 6be3f27a7fd3f5cc8f99f4b187cc4e7150299e32
  RxNormKit: 2927b839b54ea9e7b5320138bf6791d0eb830832
  SwiftLint: e5c7f1fba68eccfc51509d5b2ce1699f5502e0c7

PODFILE CHECKSUM: 16f605019e06994c368575f79b1f914aeaee9b2e

COCOAPODS: 1.13.0
