PODS:
  - Realm (10.11.0):
    - Realm/Headers (= 10.11.0)
  - Realm/Headers (10.11.0)
  - RealmSwift (10.11.0):
    - Realm (= 10.11.0)
  - RxNormKit (0.1.0):
    - RealmSwift (>= 10.11.0)
  - SwiftLint (0.45.0)

DEPENDENCIES:
  - RealmSwift (= 10.11.0)
  - RxNormKit (from `../`)
  - SwiftLint

SPEC REPOS:
  trunk:
    - Realm
    - RealmSwift
    - SwiftLint

EXTERNAL SOURCES:
  RxNormKit:
    :path: "../"

SPEC CHECKSUMS:
  Realm: 39ff23f0f709cd4ed93eb47ee6593c2158945b38
  RealmSwift: 42713e09a8631070d6c12c3c5fb22b8edc1daa41
  RxNormKit: 5e2a98767352eeb9dc54d6f4c20fadfd19c3f591
  SwiftLint: e5c7f1fba68eccfc51509d5b2ce1699f5502e0c7

PODFILE CHECKSUM: 61a43cdb66fcd80d784f2c59b32d677a56960769

COCOAPODS: 1.11.2
