{
  "originHash" : "012ff965cd3704260b96527369d37dfbf3b20d7939f18f9599fd899d8deac39e",
  "pins" : [
    {
      "identity" : "realm-core",
      "kind" : "remoteSourceControl",
      "location" : "https://github.com/realm/realm-core.git",
      "state" : {
        "revision" : "4cc46f8607516226e5465062fdacd088fbd94552",
        "version" : "20.1.4"
      }
    },
    {
      "identity" : "realm-swift",
      "kind" : "remoteSourceControl",
      "location" : "https://github.com/realm/realm-swift.git",
      "state" : {
        "revision" : "600e187711e5fa4e8e2c0429cacee27e8e44f112",
        "version" : "20.0.4"
      }
    }
  ],
  "version" : 3
}
