{
  "originHash" : "0f77a6105bb8be0458973815f808a6d82793b2c326079ccb10db43d0ccaab856",
  "pins" : [
    {
      "identity" : "realm-core",
      "kind" : "remoteSourceControl",
      "location" : "https://github.com/realm/realm-core.git",
      "state" : {
        "revision" : "cccb3ca9e26ec452a29f2f0d4050d1e38b8a3d43",
        "version" : "14.14.0"
      }
    },
    {
      "identity" : "realm-swift",
      "kind" : "remoteSourceControl",
      "location" : "https://github.com/realm/realm-swift.git",
      "state" : {
        "revision" : "d94d44781167fbb8d7a46fb181e784a6446ca5c1",
        "version" : "10.54.4"
      }
    }
  ],
  "version" : 3
}
